{
  "originHash" : "ec87c901a966a0f9f36b764433349d1bbe2a33b446247aade0a1a24f52b49acb",
  "pins" : [
    {
      "identity" : "floatingpanel",
      "kind" : "remoteSourceControl",
      "location" : "https://github.com/scenee/FloatingPanel",
      "state" : {
        "revision" : "22d46c526084724a718b8c39ab77f12452712cc7",
        "version" : "2.8.3"
      }
    }
  ],
  "version" : 3
}
