// !$*UTF8*$!
{
	archiveVersion = 1;
	classes = {
	};
	objectVersion = 56;
	objects = {

/* Begin PBXBuildFile section */
		010B0CE82C070F380014CD16 /* OnboardingViewController.swift in Sources */ = {isa = PBXBuildFile; fileRef = 010B0CE72C070F380014CD16 /* OnboardingViewController.swift */; };
		010B0CEB2C083C510014CD16 /* DummyViewController.swift in Sources */ = {isa = PBXBuildFile; fileRef = 010B0CEA2C083C510014CD16 /* DummyViewController.swift */; };
		010B0CEE2C0882430014CD16 /* LocalState.swift in Sources */ = {isa = PBXBuildFile; fileRef = 010B0CED2C0882430014CD16 /* LocalState.swift */; };
		010B0CF02C08A2550014CD16 /* UIViewController+Utils.swift in Sources */ = {isa = PBXBuildFile; fileRef = 010B0CEF2C08A2550014CD16 /* UIViewController+Utils.swift */; };
		010B0CF22C08A4790014CD16 /* MainViewController.swift in Sources */ = {isa = PBXBuildFile; fileRef = 010B0CF12C08A4790014CD16 /* MainViewController.swift */; };
		011727BD2C06D4BE0031F036 /* OnboardingContainerViewController.swift in Sources */ = {isa = PBXBuildFile; fileRef = 011727BC2C06D4BE0031F036 /* OnboardingContainerViewController.swift */; };
		01AF23642C05911B00648299 /* LoginView.swift in Sources */ = {isa = PBXBuildFile; fileRef = 01AF23632C05911B00648299 /* LoginView.swift */; };
		01B4581B2C04CC6C00329203 /* AppDelegate.swift in Sources */ = {isa = PBXBuildFile; fileRef = 01B4581A2C04CC6C00329203 /* AppDelegate.swift */; };
		01B4581F2C04CC6C00329203 /* LoginViewController.swift in Sources */ = {isa = PBXBuildFile; fileRef = 01B4581E2C04CC6C00329203 /* LoginViewController.swift */; };
		01B458222C04CC6C00329203 /* Base in Resources */ = {isa = PBXBuildFile; fileRef = 01B458212C04CC6C00329203 /* Base */; };
		01B458242C04CC6E00329203 /* Assets.xcassets in Resources */ = {isa = PBXBuildFile; fileRef = 01B458232C04CC6E00329203 /* Assets.xcassets */; };
		01B458272C04CC6E00329203 /* Base in Resources */ = {isa = PBXBuildFile; fileRef = 01B458262C04CC6E00329203 /* Base */; };
		01B4D1F22C0D741E00F77300 /* AccountSummaryViewController.swift in Sources */ = {isa = PBXBuildFile; fileRef = 01B4D1F12C0D741E00F77300 /* AccountSummaryViewController.swift */; };
/* End PBXBuildFile section */

/* Begin PBXFileReference section */
		010B0CE72C070F380014CD16 /* OnboardingViewController.swift */ = {isa = PBXFileReference; lastKnownFileType = sourcecode.swift; path = OnboardingViewController.swift; sourceTree = "<group>"; };
		010B0CEA2C083C510014CD16 /* DummyViewController.swift */ = {isa = PBXFileReference; lastKnownFileType = sourcecode.swift; path = DummyViewController.swift; sourceTree = "<group>"; };
		010B0CED2C0882430014CD16 /* LocalState.swift */ = {isa = PBXFileReference; lastKnownFileType = sourcecode.swift; path = LocalState.swift; sourceTree = "<group>"; };
		010B0CEF2C08A2550014CD16 /* UIViewController+Utils.swift */ = {isa = PBXFileReference; lastKnownFileType = sourcecode.swift; path = "UIViewController+Utils.swift"; sourceTree = "<group>"; };
		010B0CF12C08A4790014CD16 /* MainViewController.swift */ = {isa = PBXFileReference; lastKnownFileType = sourcecode.swift; path = MainViewController.swift; sourceTree = "<group>"; };
		011727BC2C06D4BE0031F036 /* OnboardingContainerViewController.swift */ = {isa = PBXFileReference; lastKnownFileType = sourcecode.swift; path = OnboardingContainerViewController.swift; sourceTree = "<group>"; };
		01AF23632C05911B00648299 /* LoginView.swift */ = {isa = PBXFileReference; lastKnownFileType = sourcecode.swift; path = LoginView.swift; sourceTree = "<group>"; };
		01B458172C04CC6C00329203 /* Bankey.app */ = {isa = PBXFileReference; explicitFileType = wrapper.application; includeInIndex = 0; path = Bankey.app; sourceTree = BUILT_PRODUCTS_DIR; };
		01B4581A2C04CC6C00329203 /* AppDelegate.swift */ = {isa = PBXFileReference; lastKnownFileType = sourcecode.swift; path = AppDelegate.swift; sourceTree = "<group>"; };
		01B4581E2C04CC6C00329203 /* LoginViewController.swift */ = {isa = PBXFileReference; lastKnownFileType = sourcecode.swift; path = LoginViewController.swift; sourceTree = "<group>"; };
		01B458212C04CC6C00329203 /* Base */ = {isa = PBXFileReference; lastKnownFileType = file.storyboard; name = Base; path = Base.lproj/Main.storyboard; sourceTree = "<group>"; };
		01B458232C04CC6E00329203 /* Assets.xcassets */ = {isa = PBXFileReference; lastKnownFileType = folder.assetcatalog; path = Assets.xcassets; sourceTree = "<group>"; };
		01B458262C04CC6E00329203 /* Base */ = {isa = PBXFileReference; lastKnownFileType = file.storyboard; name = Base; path = Base.lproj/LaunchScreen.storyboard; sourceTree = "<group>"; };
		01B458282C04CC6E00329203 /* Info.plist */ = {isa = PBXFileReference; lastKnownFileType = text.plist.xml; path = Info.plist; sourceTree = "<group>"; };
		01B4D1F12C0D741E00F77300 /* AccountSummaryViewController.swift */ = {isa = PBXFileReference; lastKnownFileType = sourcecode.swift; path = AccountSummaryViewController.swift; sourceTree = "<group>"; };
/* End PBXFileReference section */

/* Begin PBXFrameworksBuildPhase section */
		01B458142C04CC6C00329203 /* Frameworks */ = {
			isa = PBXFrameworksBuildPhase;
			buildActionMask = 2147483647;
			files = (
			);
			runOnlyForDeploymentPostprocessing = 0;
		};
/* End PBXFrameworksBuildPhase section */

/* Begin PBXGroup section */
		010B0CEC2C0882320014CD16 /* Utils */ = {
			isa = PBXGroup;
			children = (
				010B0CED2C0882430014CD16 /* LocalState.swift */,
				010B0CEF2C08A2550014CD16 /* UIViewController+Utils.swift */,
			);
			name = Utils;
			sourceTree = "<group>";
		};
		011727BB2C06D49D0031F036 /* Onboarding */ = {
			isa = PBXGroup;
			children = (
				011727BC2C06D4BE0031F036 /* OnboardingContainerViewController.swift */,
				010B0CE72C070F380014CD16 /* OnboardingViewController.swift */,
			);
			name = Onboarding;
			sourceTree = "<group>";
		};
		01AF23602C05906E00648299 /* Files */ = {
			isa = PBXGroup;
			children = (
				01B458202C04CC6C00329203 /* Main.storyboard */,
				01B458232C04CC6E00329203 /* Assets.xcassets */,
				01B458252C04CC6E00329203 /* LaunchScreen.storyboard */,
				01B458282C04CC6E00329203 /* Info.plist */,
			);
			name = Files;
			sourceTree = "<group>";
		};
		01AF23622C05910600648299 /* Login */ = {
			isa = PBXGroup;
			children = (
				01B4581E2C04CC6C00329203 /* LoginViewController.swift */,
				01AF23632C05911B00648299 /* LoginView.swift */,
				010B0CEA2C083C510014CD16 /* DummyViewController.swift */,
			);
			name = Login;
			sourceTree = "<group>";
		};
		01B4580E2C04CC6C00329203 = {
			isa = PBXGroup;
			children = (
				01B458192C04CC6C00329203 /* Bankey */,
				01B458182C04CC6C00329203 /* Products */,
			);
			sourceTree = "<group>";
		};
		01B458182C04CC6C00329203 /* Products */ = {
			isa = PBXGroup;
			children = (
				01B458172C04CC6C00329203 /* Bankey.app */,
			);
			name = Products;
			sourceTree = "<group>";
		};
		01B458192C04CC6C00329203 /* Bankey */ = {
			isa = PBXGroup;
			children = (
				01B4581A2C04CC6C00329203 /* AppDelegate.swift */,
				010B0CF12C08A4790014CD16 /* MainViewController.swift */,
				01AF23622C05910600648299 /* Login */,
				011727BB2C06D49D0031F036 /* Onboarding */,
				01B4D1F02C0D73FD00F77300 /* AccountSummary */,
				010B0CEC2C0882320014CD16 /* Utils */,
				01AF23602C05906E00648299 /* Files */,
			);
			path = Bankey;
			sourceTree = "<group>";
		};
		01B4D1F02C0D73FD00F77300 /* AccountSummary */ = {
			isa = PBXGroup;
			children = (
				01B4D1F12C0D741E00F77300 /* AccountSummaryViewController.swift */,
			);
			name = AccountSummary;
			sourceTree = "<group>";
		};
/* End PBXGroup section */

/* Begin PBXNativeTarget section */
		01B458162C04CC6C00329203 /* Bankey */ = {
			isa = PBXNativeTarget;
			buildConfigurationList = 01B4582B2C04CC6E00329203 /* Build configuration list for PBXNativeTarget "Bankey" */;
			buildPhases = (
				01B458132C04CC6C00329203 /* Sources */,
				01B458142C04CC6C00329203 /* Frameworks */,
				01B458152C04CC6C00329203 /* Resources */,
			);
			buildRules = (
			);
			dependencies = (
			);
			name = Bankey;
			productName = Bankey;
			productReference = 01B458172C04CC6C00329203 /* Bankey.app */;
			productType = "com.apple.product-type.application";
		};
/* End PBXNativeTarget section */

/* Begin PBXProject section */
		01B4580F2C04CC6C00329203 /* Project object */ = {
			isa = PBXProject;
			attributes = {
				BuildIndependentTargetsInParallel = 1;
				LastSwiftUpdateCheck = 1530;
				LastUpgradeCheck = 1530;
				TargetAttributes = {
					01B458162C04CC6C00329203 = {
						CreatedOnToolsVersion = 15.3;
					};
				};
			};
			buildConfigurationList = 01B458122C04CC6C00329203 /* Build configuration list for PBXProject "Bankey" */;
			compatibilityVersion = "Xcode 14.0";
			developmentRegion = en;
			hasScannedForEncodings = 0;
			knownRegions = (
				en,
				Base,
			);
			mainGroup = 01B4580E2C04CC6C00329203;
			productRefGroup = 01B458182C04CC6C00329203 /* Products */;
			projectDirPath = "";
			projectRoot = "";
			targets = (
				01B458162C04CC6C00329203 /* Bankey */,
			);
		};
/* End PBXProject section */

/* Begin PBXResourcesBuildPhase section */
		01B458152C04CC6C00329203 /* Resources */ = {
			isa = PBXResourcesBuildPhase;
			buildActionMask = 2147483647;
			files = (
				01B458242C04CC6E00329203 /* Assets.xcassets in Resources */,
				01B458272C04CC6E00329203 /* Base in Resources */,
				01B458222C04CC6C00329203 /* Base in Resources */,
			);
			runOnlyForDeploymentPostprocessing = 0;
		};
/* End PBXResourcesBuildPhase section */

/* Begin PBXSourcesBuildPhase section */
		01B458132C04CC6C00329203 /* Sources */ = {
			isa = PBXSourcesBuildPhase;
			buildActionMask = 2147483647;
			files = (
				010B0CEB2C083C510014CD16 /* DummyViewController.swift in Sources */,
				01B4581F2C04CC6C00329203 /* LoginViewController.swift in Sources */,
				010B0CF02C08A2550014CD16 /* UIViewController+Utils.swift in Sources */,
				010B0CE82C070F380014CD16 /* OnboardingViewController.swift in Sources */,
				01B4581B2C04CC6C00329203 /* AppDelegate.swift in Sources */,
				01AF23642C05911B00648299 /* LoginView.swift in Sources */,
				010B0CF22C08A4790014CD16 /* MainViewController.swift in Sources */,
				01B4D1F22C0D741E00F77300 /* AccountSummaryViewController.swift in Sources */,
				011727BD2C06D4BE0031F036 /* OnboardingContainerViewController.swift in Sources */,
				010B0CEE2C0882430014CD16 /* LocalState.swift in Sources */,
			);
			runOnlyForDeploymentPostprocessing = 0;
		};
/* End PBXSourcesBuildPhase section */

/* Begin PBXVariantGroup section */
		01B458202C04CC6C00329203 /* Main.storyboard */ = {
			isa = PBXVariantGroup;
			children = (
				01B458212C04CC6C00329203 /* Base */,
			);
			name = Main.storyboard;
			sourceTree = "<group>";
		};
		01B458252C04CC6E00329203 /* LaunchScreen.storyboard */ = {
			isa = PBXVariantGroup;
			children = (
				01B458262C04CC6E00329203 /* Base */,
			);
			name = LaunchScreen.storyboard;
			sourceTree = "<group>";
		};
/* End PBXVariantGroup section */

/* Begin XCBuildConfiguration section */
		01B458292C04CC6E00329203 /* Debug */ = {
			isa = XCBuildConfiguration;
			buildSettings = {
				ALWAYS_SEARCH_USER_PATHS = NO;
				ASSETCATALOG_COMPILER_GENERATE_SWIFT_ASSET_SYMBOL_EXTENSIONS = YES;
				CLANG_ANALYZER_NONNULL = YES;
				CLANG_ANALYZER_NUMBER_OBJECT_CONVERSION = YES_AGGRESSIVE;
				CLANG_CXX_LANGUAGE_STANDARD = "gnu++20";
				CLANG_ENABLE_MODULES = YES;
				CLANG_ENABLE_OBJC_ARC = YES;
				CLANG_ENABLE_OBJC_WEAK = YES;
				CLANG_WARN_BLOCK_CAPTURE_AUTORELEASING = YES;
				CLANG_WARN_BOOL_CONVERSION = YES;
				CLANG_WARN_COMMA = YES;
				CLANG_WARN_CONSTANT_CONVERSION = YES;
				CLANG_WARN_DEPRECATED_OBJC_IMPLEMENTATIONS = YES;
				CLANG_WARN_DIRECT_OBJC_ISA_USAGE = YES_ERROR;
				CLANG_WARN_DOCUMENTATION_COMMENTS = YES;
				CLANG_WARN_EMPTY_BODY = YES;
				CLANG_WARN_ENUM_CONVERSION = YES;
				CLANG_WARN_INFINITE_RECURSION = YES;
				CLANG_WARN_INT_CONVERSION = YES;
				CLANG_WARN_NON_LITERAL_NULL_CONVERSION = YES;
				CLANG_WARN_OBJC_IMPLICIT_RETAIN_SELF = YES;
				CLANG_WARN_OBJC_LITERAL_CONVERSION = YES;
				CLANG_WARN_OBJC_ROOT_CLASS = YES_ERROR;
				CLANG_WARN_QUOTED_INCLUDE_IN_FRAMEWORK_HEADER = YES;
				CLANG_WARN_RANGE_LOOP_ANALYSIS = YES;
				CLANG_WARN_STRICT_PROTOTYPES = YES;
				CLANG_WARN_SUSPICIOUS_MOVE = YES;
				CLANG_WARN_UNGUARDED_AVAILABILITY = YES_AGGRESSIVE;
				CLANG_WARN_UNREACHABLE_CODE = YES;
				CLANG_WARN__DUPLICATE_METHOD_MATCH = YES;
				COPY_PHASE_STRIP = NO;
				DEBUG_INFORMATION_FORMAT = dwarf;
				ENABLE_STRICT_OBJC_MSGSEND = YES;
				ENABLE_TESTABILITY = YES;
				ENABLE_USER_SCRIPT_SANDBOXING = YES;
				GCC_C_LANGUAGE_STANDARD = gnu17;
				GCC_DYNAMIC_NO_PIC = NO;
				GCC_NO_COMMON_BLOCKS = YES;
				GCC_OPTIMIZATION_LEVEL = 0;
				GCC_PREPROCESSOR_DEFINITIONS = (
					"DEBUG=1",
					"$(inherited)",
				);
				GCC_WARN_64_TO_32_BIT_CONVERSION = YES;
				GCC_WARN_ABOUT_RETURN_TYPE = YES_ERROR;
				GCC_WARN_UNDECLARED_SELECTOR = YES;
				GCC_WARN_UNINITIALIZED_AUTOS = YES_AGGRESSIVE;
				GCC_WARN_UNUSED_FUNCTION = YES;
				GCC_WARN_UNUSED_VARIABLE = YES;
				IPHONEOS_DEPLOYMENT_TARGET = 17.4;
				LOCALIZATION_PREFERS_STRING_CATALOGS = YES;
				MTL_ENABLE_DEBUG_INFO = INCLUDE_SOURCE;
				MTL_FAST_MATH = YES;
				ONLY_ACTIVE_ARCH = YES;
				SDKROOT = iphoneos;
				SWIFT_ACTIVE_COMPILATION_CONDITIONS = "DEBUG $(inherited)";
				SWIFT_OPTIMIZATION_LEVEL = "-Onone";
			};
			name = Debug;
		};
		01B4582A2C04CC6E00329203 /* Release */ = {
			isa = XCBuildConfiguration;
			buildSettings = {
				ALWAYS_SEARCH_USER_PATHS = NO;
				ASSETCATALOG_COMPILER_GENERATE_SWIFT_ASSET_SYMBOL_EXTENSIONS = YES;
				CLANG_ANALYZER_NONNULL = YES;
				CLANG_ANALYZER_NUMBER_OBJECT_CONVERSION = YES_AGGRESSIVE;
				CLANG_CXX_LANGUAGE_STANDARD = "gnu++20";
				CLANG_ENABLE_MODULES = YES;
				CLANG_ENABLE_OBJC_ARC = YES;
				CLANG_ENABLE_OBJC_WEAK = YES;
				CLANG_WARN_BLOCK_CAPTURE_AUTORELEASING = YES;
				CLANG_WARN_BOOL_CONVERSION = YES;
				CLANG_WARN_COMMA = YES;
				CLANG_WARN_CONSTANT_CONVERSION = YES;
				CLANG_WARN_DEPRECATED_OBJC_IMPLEMENTATIONS = YES;
				CLANG_WARN_DIRECT_OBJC_ISA_USAGE = YES_ERROR;
				CLANG_WARN_DOCUMENTATION_COMMENTS = YES;
				CLANG_WARN_EMPTY_BODY = YES;
				CLANG_WARN_ENUM_CONVERSION = YES;
				CLANG_WARN_INFINITE_RECURSION = YES;
				CLANG_WARN_INT_CONVERSION = YES;
				CLANG_WARN_NON_LITERAL_NULL_CONVERSION = YES;
				CLANG_WARN_OBJC_IMPLICIT_RETAIN_SELF = YES;
				CLANG_WARN_OBJC_LITERAL_CONVERSION = YES;
				CLANG_WARN_OBJC_ROOT_CLASS = YES_ERROR;
				CLANG_WARN_QUOTED_INCLUDE_IN_FRAMEWORK_HEADER = YES;
				CLANG_WARN_RANGE_LOOP_ANALYSIS = YES;
				CLANG_WARN_STRICT_PROTOTYPES = YES;
				CLANG_WARN_SUSPICIOUS_MOVE = YES;
				CLANG_WARN_UNGUARDED_AVAILABILITY = YES_AGGRESSIVE;
				CLANG_WARN_UNREACHABLE_CODE = YES;
				CLANG_WARN__DUPLICATE_METHOD_MATCH = YES;
				COPY_PHASE_STRIP = NO;
				DEBUG_INFORMATION_FORMAT = "dwarf-with-dsym";
				ENABLE_NS_ASSERTIONS = NO;
				ENABLE_STRICT_OBJC_MSGSEND = YES;
				ENABLE_USER_SCRIPT_SANDBOXING = YES;
				GCC_C_LANGUAGE_STANDARD = gnu17;
				GCC_NO_COMMON_BLOCKS = YES;
				GCC_WARN_64_TO_32_BIT_CONVERSION = YES;
				GCC_WARN_ABOUT_RETURN_TYPE = YES_ERROR;
				GCC_WARN_UNDECLARED_SELECTOR = YES;
				GCC_WARN_UNINITIALIZED_AUTOS = YES_AGGRESSIVE;
				GCC_WARN_UNUSED_FUNCTION = YES;
				GCC_WARN_UNUSED_VARIABLE = YES;
				IPHONEOS_DEPLOYMENT_TARGET = 17.4;
				LOCALIZATION_PREFERS_STRING_CATALOGS = YES;
				MTL_ENABLE_DEBUG_INFO = NO;
				MTL_FAST_MATH = YES;
				SDKROOT = iphoneos;
				SWIFT_COMPILATION_MODE = wholemodule;
				VALIDATE_PRODUCT = YES;
			};
			name = Release;
		};
		01B4582C2C04CC6E00329203 /* Debug */ = {
			isa = XCBuildConfiguration;
			buildSettings = {
				ASSETCATALOG_COMPILER_APPICON_NAME = AppIcon;
				ASSETCATALOG_COMPILER_GLOBAL_ACCENT_COLOR_NAME = AccentColor;
				CODE_SIGN_STYLE = Automatic;
				CURRENT_PROJECT_VERSION = 1;
				DEVELOPMENT_TEAM = 86CWQQPNC4;
				GENERATE_INFOPLIST_FILE = YES;
				INFOPLIST_FILE = Bankey/Info.plist;
				INFOPLIST_KEY_UIApplicationSupportsIndirectInputEvents = YES;
				INFOPLIST_KEY_UILaunchStoryboardName = LaunchScreen;
				INFOPLIST_KEY_UISupportedInterfaceOrientations_iPad = "UIInterfaceOrientationPortrait UIInterfaceOrientationPortraitUpsideDown UIInterfaceOrientationLandscapeLeft UIInterfaceOrientationLandscapeRight";
				INFOPLIST_KEY_UISupportedInterfaceOrientations_iPhone = "UIInterfaceOrientationPortrait UIInterfaceOrientationLandscapeLeft UIInterfaceOrientationLandscapeRight";
				LD_RUNPATH_SEARCH_PATHS = (
					"$(inherited)",
					"@executable_path/Frameworks",
				);
				MARKETING_VERSION = 1.0;
				PRODUCT_BUNDLE_IDENTIFIER = com.ziesdev.Bankey;
				PRODUCT_NAME = "$(TARGET_NAME)";
				SWIFT_EMIT_LOC_STRINGS = YES;
				SWIFT_VERSION = 5.0;
				TARGETED_DEVICE_FAMILY = "1,2";
			};
			name = Debug;
		};
		01B4582D2C04CC6E00329203 /* Release */ = {
			isa = XCBuildConfiguration;
			buildSettings = {
				ASSETCATALOG_COMPILER_APPICON_NAME = AppIcon;
				ASSETCATALOG_COMPILER_GLOBAL_ACCENT_COLOR_NAME = AccentColor;
				CODE_SIGN_STYLE = Automatic;
				CURRENT_PROJECT_VERSION = 1;
				DEVELOPMENT_TEAM = 86CWQQPNC4;
				GENERATE_INFOPLIST_FILE = YES;
				INFOPLIST_FILE = Bankey/Info.plist;
				INFOPLIST_KEY_UIApplicationSupportsIndirectInputEvents = YES;
				INFOPLIST_KEY_UILaunchStoryboardName = LaunchScreen;
				INFOPLIST_KEY_UISupportedInterfaceOrientations_iPad = "UIInterfaceOrientationPortrait UIInterfaceOrientationPortraitUpsideDown UIInterfaceOrientationLandscapeLeft UIInterfaceOrientationLandscapeRight";
				INFOPLIST_KEY_UISupportedInterfaceOrientations_iPhone = "UIInterfaceOrientationPortrait UIInterfaceOrientationLandscapeLeft UIInterfaceOrientationLandscapeRight";
				LD_RUNPATH_SEARCH_PATHS = (
					"$(inherited)",
					"@executable_path/Frameworks",
				);
				MARKETING_VERSION = 1.0;
				PRODUCT_BUNDLE_IDENTIFIER = com.ziesdev.Bankey;
				PRODUCT_NAME = "$(TARGET_NAME)";
				SWIFT_EMIT_LOC_STRINGS = YES;
				SWIFT_VERSION = 5.0;
				TARGETED_DEVICE_FAMILY = "1,2";
			};
			name = Release;
		};
/* End XCBuildConfiguration section */

/* Begin XCConfigurationList section */
		01B458122C04CC6C00329203 /* Build configuration list for PBXProject "Bankey" */ = {
			isa = XCConfigurationList;
			buildConfigurations = (
				01B458292C04CC6E00329203 /* Debug */,
				01B4582A2C04CC6E00329203 /* Release */,
			);
			defaultConfigurationIsVisible = 0;
			defaultConfigurationName = Release;
		};
		01B4582B2C04CC6E00329203 /* Build configuration list for PBXNativeTarget "Bankey" */ = {
			isa = XCConfigurationList;
			buildConfigurations = (
				01B4582C2C04CC6E00329203 /* Debug */,
				01B4582D2C04CC6E00329203 /* Release */,
			);
			defaultConfigurationIsVisible = 0;
			defaultConfigurationName = Release;
		};
/* End XCConfigurationList section */
	};
	rootObject = 01B4580F2C04CC6C00329203 /* Project object */;
}
